// !$*UTF8*$!
{
	archiveVersion = 1;
	classes = {
	};
	objectVersion = 77;
	objects = {

/* Begin PBXContainerItemProxy section */
		39B316EA2E0B226000EF2815 /* PBXContainerItemProxy */ = {
			isa = PBXContainerItemProxy;
			containerPortal = 39B316D12E0B225E00EF2815 /* Project object */;
			proxyType = 1;
			remoteGlobalIDString = 39B316D82E0B225E00EF2815;
			remoteInfo = AroundEgypt;
		};
		39B316F42E0B226000EF2815 /* PBXContainerItemProxy */ = {
			isa = PBXContainerItemProxy;
			containerPortal = 39B316D12E0B225E00EF2815 /* Project object */;
			proxyType = 1;
			remoteGlobalIDString = 39B316D82E0B225E00EF2815;
			remoteInfo = AroundEgypt;
		};
/* End PBXContainerItemProxy section */

/* Begin PBXFileReference section */
		39B316D92E0B225E00EF2815 /* AroundEgypt.app */ = {isa = PBXFileReference; explicitFileType = wrapper.application; includeInIndex = 0; path = AroundEgypt.app; sourceTree = BUILT_PRODUCTS_DIR; };
		39B316E92E0B226000EF2815 /* AroundEgyptTests.xctest */ = {isa = PBXFileReference; explicitFileType = wrapper.cfbundle; includeInIndex = 0; path = AroundEgyptTests.xctest; sourceTree = BUILT_PRODUCTS_DIR; };
		39B316F32E0B226000EF2815 /* AroundEgyptUITests.xctest */ = {isa = PBXFileReference; explicitFileType = wrapper.cfbundle; includeInIndex = 0; path = AroundEgyptUITests.xctest; sourceTree = BUILT_PRODUCTS_DIR; };
/* End PBXFileReference section */

/* Begin PBXFileSystemSynchronizedRootGroup section */
		39B316DB2E0B225E00EF2815 /* AroundEgypt */ = {
			isa = PBXFileSystemSynchronizedRootGroup;
			path = AroundEgypt;
			sourceTree = "<group>";
		};
		39B316EC2E0B226000EF2815 /* AroundEgyptTests */ = {
			isa = PBXFileSystemSynchronizedRootGroup;
			path = AroundEgyptTests;
			sourceTree = "<group>";
		};
		39B316F62E0B226000EF2815 /* AroundEgyptUITests */ = {
			isa = PBXFileSystemSynchronizedRootGroup;
			path = AroundEgyptUITests;
			sourceTree = "<group>";
		};
/* End PBXFileSystemSynchronizedRootGroup section */

/* Begin PBXFrameworksBuildPhase section */
		39B316D62E0B225E00EF2815 /* Frameworks */ = {
			isa = PBXFrameworksBuildPhase;
			buildActionMask = 2147483647;
			files = (
			);
			runOnlyForDeploymentPostprocessing = 0;
		};
		39B316E62E0B226000EF2815 /* Frameworks */ = {
			isa = PBXFrameworksBuildPhase;
			buildActionMask = 2147483647;
			files = (
			);
			runOnlyForDeploymentPostprocessing = 0;
		};
		39B316F02E0B226000EF2815 /* Frameworks */ = {
			isa = PBXFrameworksBuildPhase;
			buildActionMask = 2147483647;
			files = (
			);
			runOnlyForDeploymentPostprocessing = 0;
		};
/* End PBXFrameworksBuildPhase section */

/* Begin PBXGroup section */
		39B316D02E0B225E00EF2815 = {
			isa = PBXGroup;
			children = (
				39B316DB2E0B225E00EF2815 /* AroundEgypt */,
				39B316EC2E0B226000EF2815 /* AroundEgyptTests */,
				39B316F62E0B226000EF2815 /* AroundEgyptUITests */,
				39B316DA2E0B225E00EF2815 /* Products */,
			);
			sourceTree = "<group>";
		};
		39B316DA2E0B225E00EF2815 /* Products */ = {
			isa = PBXGroup;
			children = (
				39B316D92E0B225E00EF2815 /* AroundEgypt.app */,
				39B316E92E0B226000EF2815 /* AroundEgyptTests.xctest */,
				39B316F32E0B226000EF2815 /* AroundEgyptUITests.xctest */,
			);
			name = Products;
			sourceTree = "<group>";
		};
/* End PBXGroup section */

/* Begin PBXNativeTarget section */
		39B316D82E0B225E00EF2815 /* AroundEgypt */ = {
			isa = PBXNativeTarget;
			buildConfigurationList = 39B316FD2E0B226000EF2815 /* Build configuration list for PBXNativeTarget "AroundEgypt" */;
			buildPhases = (
				39B316D52E0B225E00EF2815 /* Sources */,
				39B316D62E0B225E00EF2815 /* Frameworks */,
				39B316D72E0B225E00EF2815 /* Resources */,
			);
			buildRules = (
			);
			dependencies = (
			);
			fileSystemSynchronizedGroups = (
				39B316DB2E0B225E00EF2815 /* AroundEgypt */,
			);
			name = AroundEgypt;
			packageProductDependencies = (
			);
			productName = AroundEgypt;
			productReference = 39B316D92E0B225E00EF2815 /* AroundEgypt.app */;
			productType = "com.apple.product-type.application";
		};
		39B316E82E0B226000EF2815 /* AroundEgyptTests */ = {
			isa = PBXNativeTarget;
			buildConfigurationList = 39B317002E0B226000EF2815 /* Build configuration list for PBXNativeTarget "AroundEgyptTests" */;
			buildPhases = (
				39B316E52E0B226000EF2815 /* Sources */,
				39B316E62E0B226000EF2815 /* Frameworks */,
				39B316E72E0B226000EF2815 /* Resources */,
			);
			buildRules = (
			);
			dependencies = (
				39B316EB2E0B226000EF2815 /* PBXTargetDependency */,
			);
			fileSystemSynchronizedGroups = (
				39B316EC2E0B226000EF2815 /* AroundEgyptTests */,
			);
			name = AroundEgyptTests;
			packageProductDependencies = (
			);
			productName = AroundEgyptTests;
			productReference = 39B316E92E0B226000EF2815 /* AroundEgyptTests.xctest */;
			productType = "com.apple.product-type.bundle.unit-test";
		};
		39B316F22E0B226000EF2815 /* AroundEgyptUITests */ = {
			isa = PBXNativeTarget;
			buildConfigurationList = 39B317032E0B226000EF2815 /* Build configuration list for PBXNativeTarget "AroundEgyptUITests" */;
			buildPhases = (
				39B316EF2E0B226000EF2815 /* Sources */,
				39B316F02E0B226000EF2815 /* Frameworks */,
				39B316F12E0B226000EF2815 /* Resources */,
			);
			buildRules = (
			);
			dependencies = (
				39B316F52E0B226000EF2815 /* PBXTargetDependency */,
			);
			fileSystemSynchronizedGroups = (
				39B316F62E0B226000EF2815 /* AroundEgyptUITests */,
			);
			name = AroundEgyptUITests;
			packageProductDependencies = (
			);
			productName = AroundEgyptUITests;
			productReference = 39B316F32E0B226000EF2815 /* AroundEgyptUITests.xctest */;
			productType = "com.apple.product-type.bundle.ui-testing";
		};
/* End PBXNativeTarget section */

/* Begin PBXProject section */
		39B316D12E0B225E00EF2815 /* Project object */ = {
			isa = PBXProject;
			attributes = {
				BuildIndependentTargetsInParallel = 1;
				LastSwiftUpdateCheck = 1600;
				LastUpgradeCheck = 1600;
				TargetAttributes = {
					39B316D82E0B225E00EF2815 = {
						CreatedOnToolsVersion = 16.0;
					};
					39B316E82E0B226000EF2815 = {
						CreatedOnToolsVersion = 16.0;
						TestTargetID = 39B316D82E0B225E00EF2815;
					};
					39B316F22E0B226000EF2815 = {
						CreatedOnToolsVersion = 16.0;
						TestTargetID = 39B316D82E0B225E00EF2815;
					};
				};
			};
			buildConfigurationList = 39B316D42E0B225E00EF2815 /* Build configuration list for PBXProject "AroundEgypt" */;
			developmentRegion = en;
			hasScannedForEncodings = 0;
			knownRegions = (
				en,
				Base,
			);
			mainGroup = 39B316D02E0B225E00EF2815;
			minimizedProjectReferenceProxies = 1;
			preferredProjectObjectVersion = 77;
			productRefGroup = 39B316DA2E0B225E00EF2815 /* Products */;
			projectDirPath = "";
			projectRoot = "";
			targets = (
				39B316D82E0B225E00EF2815 /* AroundEgypt */,
				39B316E82E0B226000EF2815 /* AroundEgyptTests */,
				39B316F22E0B226000EF2815 /* AroundEgyptUITests */,
			);
		};
/* End PBXProject section */

/* Begin PBXResourcesBuildPhase section */
		39B316D72E0B225E00EF2815 /* Resources */ = {
			isa = PBXResourcesBuildPhase;
			buildActionMask = 2147483647;
			files = (
			);
			runOnlyForDeploymentPostprocessing = 0;
		};
		39B316E72E0B226000EF2815 /* Resources */ = {
			isa = PBXResourcesBuildPhase;
			buildActionMask = 2147483647;
			files = (
			);
			runOnlyForDeploymentPostprocessing = 0;
		};
		39B316F12E0B226000EF2815 /* Resources */ = {
			isa = PBXResourcesBuildPhase;
			buildActionMask = 2147483647;
			files = (
			);
			runOnlyForDeploymentPostprocessing = 0;
		};
/* End PBXResourcesBuildPhase section */

/* Begin PBXSourcesBuildPhase section */
		39B316D52E0B225E00EF2815 /* Sources */ = {
			isa = PBXSourcesBuildPhase;
			buildActionMask = 2147483647;
			files = (
			);
			runOnlyForDeploymentPostprocessing = 0;
		};
		39B316E52E0B226000EF2815 /* Sources */ = {
			isa = PBXSourcesBuildPhase;
			buildActionMask = 2147483647;
			files = (
			);
			runOnlyForDeploymentPostprocessing = 0;
		};
		39B316EF2E0B226000EF2815 /* Sources */ = {
			isa = PBXSourcesBuildPhase;
			buildActionMask = 2147483647;
			files = (
			);
			runOnlyForDeploymentPostprocessing = 0;
		};
/* End PBXSourcesBuildPhase section */

/* Begin PBXTargetDependency section */
		39B316EB2E0B226000EF2815 /* PBXTargetDependency */ = {
			isa = PBXTargetDependency;
			target = 39B316D82E0B225E00EF2815 /* AroundEgypt */;
			targetProxy = 39B316EA2E0B226000EF2815 /* PBXContainerItemProxy */;
		};
		39B316F52E0B226000EF2815 /* PBXTargetDependency */ = {
			isa = PBXTargetDependency;
			target = 39B316D82E0B225E00EF2815 /* AroundEgypt */;
			targetProxy = 39B316F42E0B226000EF2815 /* PBXContainerItemProxy */;
		};
/* End PBXTargetDependency section */

/* Begin XCBuildConfiguration section */
		39B316FB2E0B226000EF2815 /* Debug */ = {
			isa = XCBuildConfiguration;
			buildSettings = {
				ALWAYS_SEARCH_USER_PATHS = NO;
				ASSETCATALOG_COMPILER_GENERATE_SWIFT_ASSET_SYMBOL_EXTENSIONS = YES;
				CLANG_ANALYZER_NONNULL = YES;
				CLANG_ANALYZER_NUMBER_OBJECT_CONVERSION = YES_AGGRESSIVE;
				CLANG_CXX_LANGUAGE_STANDARD = "gnu++20";
				CLANG_ENABLE_MODULES = YES;
				CLANG_ENABLE_OBJC_ARC = YES;
				CLANG_ENABLE_OBJC_WEAK = YES;
				CLANG_WARN_BLOCK_CAPTURE_AUTORELEASING = YES;
				CLANG_WARN_BOOL_CONVERSION = YES;
				CLANG_WARN_COMMA = YES;
				CLANG_WARN_CONSTANT_CONVERSION = YES;
				CLANG_WARN_DEPRECATED_OBJC_IMPLEMENTATIONS = YES;
				CLANG_WARN_DIRECT_OBJC_ISA_USAGE = YES_ERROR;
				CLANG_WARN_DOCUMENTATION_COMMENTS = YES;
				CLANG_WARN_EMPTY_BODY = YES;
				CLANG_WARN_ENUM_CONVERSION = YES;
				CLANG_WARN_INFINITE_RECURSION = YES;
				CLANG_WARN_INT_CONVERSION = YES;
				CLANG_WARN_NON_LITERAL_NULL_CONVERSION = YES;
				CLANG_WARN_OBJC_IMPLICIT_RETAIN_SELF = YES;
				CLANG_WARN_OBJC_LITERAL_CONVERSION = YES;
				CLANG_WARN_OBJC_ROOT_CLASS = YES_ERROR;
				CLANG_WARN_QUOTED_INCLUDE_IN_FRAMEWORK_HEADER = YES;
				CLANG_WARN_RANGE_LOOP_ANALYSIS = YES;
				CLANG_WARN_STRICT_PROTOTYPES = YES;
				CLANG_WARN_SUSPICIOUS_MOVE = YES;
				CLANG_WARN_UNGUARDED_AVAILABILITY = YES_AGGRESSIVE;
				CLANG_WARN_UNREACHABLE_CODE = YES;
				CLANG_WARN__DUPLICATE_METHOD_MATCH = YES;
				COPY_PHASE_STRIP = NO;
				DEBUG_INFORMATION_FORMAT = dwarf;
				ENABLE_STRICT_OBJC_MSGSEND = YES;
				ENABLE_TESTABILITY = YES;
				ENABLE_USER_SCRIPT_SANDBOXING = YES;
				GCC_C_LANGUAGE_STANDARD = gnu17;
				GCC_DYNAMIC_NO_PIC = NO;
				GCC_NO_COMMON_BLOCKS = YES;
				GCC_OPTIMIZATION_LEVEL = 0;
				GCC_PREPROCESSOR_DEFINITIONS = (
					"DEBUG=1",
					"$(inherited)",
				);
				GCC_WARN_64_TO_32_BIT_CONVERSION = YES;
				GCC_WARN_ABOUT_RETURN_TYPE = YES_ERROR;
				GCC_WARN_UNDECLARED_SELECTOR = YES;
				GCC_WARN_UNINITIALIZED_AUTOS = YES_AGGRESSIVE;
				GCC_WARN_UNUSED_FUNCTION = YES;
				GCC_WARN_UNUSED_VARIABLE = YES;
				IPHONEOS_DEPLOYMENT_TARGET = 18.0;
				LOCALIZATION_PREFERS_STRING_CATALOGS = YES;
				MTL_ENABLE_DEBUG_INFO = INCLUDE_SOURCE;
				MTL_FAST_MATH = YES;
				ONLY_ACTIVE_ARCH = YES;
				SDKROOT = iphoneos;
				SWIFT_ACTIVE_COMPILATION_CONDITIONS = "DEBUG $(inherited)";
				SWIFT_OPTIMIZATION_LEVEL = "-Onone";
			};
			name = Debug;
		};
		39B316FC2E0B226000EF2815 /* Release */ = {
			isa = XCBuildConfiguration;
			buildSettings = {
				ALWAYS_SEARCH_USER_PATHS = NO;
				ASSETCATALOG_COMPILER_GENERATE_SWIFT_ASSET_SYMBOL_EXTENSIONS = YES;
				CLANG_ANALYZER_NONNULL = YES;
				CLANG_ANALYZER_NUMBER_OBJECT_CONVERSION = YES_AGGRESSIVE;
				CLANG_CXX_LANGUAGE_STANDARD = "gnu++20";
				CLANG_ENABLE_MODULES = YES;
				CLANG_ENABLE_OBJC_ARC = YES;
				CLANG_ENABLE_OBJC_WEAK = YES;
				CLANG_WARN_BLOCK_CAPTURE_AUTORELEASING = YES;
				CLANG_WARN_BOOL_CONVERSION = YES;
				CLANG_WARN_COMMA = YES;
				CLANG_WARN_CONSTANT_CONVERSION = YES;
				CLANG_WARN_DEPRECATED_OBJC_IMPLEMENTATIONS = YES;
				CLANG_WARN_DIRECT_OBJC_ISA_USAGE = YES_ERROR;
				CLANG_WARN_DOCUMENTATION_COMMENTS = YES;
				CLANG_WARN_EMPTY_BODY = YES;
				CLANG_WARN_ENUM_CONVERSION = YES;
				CLANG_WARN_INFINITE_RECURSION = YES;
				CLANG_WARN_INT_CONVERSION = YES;
				CLANG_WARN_NON_LITERAL_NULL_CONVERSION = YES;
				CLANG_WARN_OBJC_IMPLICIT_RETAIN_SELF = YES;
				CLANG_WARN_OBJC_LITERAL_CONVERSION = YES;
				CLANG_WARN_OBJC_ROOT_CLASS = YES_ERROR;
				CLANG_WARN_QUOTED_INCLUDE_IN_FRAMEWORK_HEADER = YES;
				CLANG_WARN_RANGE_LOOP_ANALYSIS = YES;
				CLANG_WARN_STRICT_PROTOTYPES = YES;
				CLANG_WARN_SUSPICIOUS_MOVE = YES;
				CLANG_WARN_UNGUARDED_AVAILABILITY = YES_AGGRESSIVE;
				CLANG_WARN_UNREACHABLE_CODE = YES;
				CLANG_WARN__DUPLICATE_METHOD_MATCH = YES;
				COPY_PHASE_STRIP = NO;
				DEBUG_INFORMATION_FORMAT = "dwarf-with-dsym";
				ENABLE_NS_ASSERTIONS = NO;
				ENABLE_STRICT_OBJC_MSGSEND = YES;
				ENABLE_USER_SCRIPT_SANDBOXING = YES;
				GCC_C_LANGUAGE_STANDARD = gnu17;
				GCC_NO_COMMON_BLOCKS = YES;
				GCC_WARN_64_TO_32_BIT_CONVERSION = YES;
				GCC_WARN_ABOUT_RETURN_TYPE = YES_ERROR;
				GCC_WARN_UNDECLARED_SELECTOR = YES;
				GCC_WARN_UNINITIALIZED_AUTOS = YES_AGGRESSIVE;
				GCC_WARN_UNUSED_FUNCTION = YES;
				GCC_WARN_UNUSED_VARIABLE = YES;
				IPHONEOS_DEPLOYMENT_TARGET = 18.0;
				LOCALIZATION_PREFERS_STRING_CATALOGS = YES;
				MTL_ENABLE_DEBUG_INFO = NO;
				MTL_FAST_MATH = YES;
				SDKROOT = iphoneos;
				SWIFT_COMPILATION_MODE = wholemodule;
				VALIDATE_PRODUCT = YES;
			};
			name = Release;
		};
		39B316FE2E0B226000EF2815 /* Debug */ = {
			isa = XCBuildConfiguration;
			buildSettings = {
				ASSETCATALOG_COMPILER_APPICON_NAME = AppIcon;
				ASSETCATALOG_COMPILER_GLOBAL_ACCENT_COLOR_NAME = AccentColor;
				CODE_SIGN_STYLE = Automatic;
				CURRENT_PROJECT_VERSION = 1;
				DEVELOPMENT_ASSET_PATHS = "\"AroundEgypt/Preview Content\"";
				ENABLE_PREVIEWS = YES;
				GENERATE_INFOPLIST_FILE = YES;
				INFOPLIST_KEY_UIApplicationSceneManifest_Generation = YES;
				INFOPLIST_KEY_UIApplicationSupportsIndirectInputEvents = YES;
				INFOPLIST_KEY_UILaunchScreen_Generation = YES;
				INFOPLIST_KEY_UISupportedInterfaceOrientations_iPad = "UIInterfaceOrientationPortrait UIInterfaceOrientationPortraitUpsideDown UIInterfaceOrientationLandscapeLeft UIInterfaceOrientationLandscapeRight";
				INFOPLIST_KEY_UISupportedInterfaceOrientations_iPhone = "UIInterfaceOrientationPortrait UIInterfaceOrientationLandscapeLeft UIInterfaceOrientationLandscapeRight";
				LD_RUNPATH_SEARCH_PATHS = (
					"$(inherited)",
					"@executable_path/Frameworks",
				);
				MARKETING_VERSION = 1.0;
				PRODUCT_BUNDLE_IDENTIFIER = youssef.AroundEgypt;
				PRODUCT_NAME = "$(TARGET_NAME)";
				SWIFT_EMIT_LOC_STRINGS = YES;
				SWIFT_VERSION = 5.0;
				TARGETED_DEVICE_FAMILY = "1,2";
			};
			name = Debug;
		};
		39B316FF2E0B226000EF2815 /* Release */ = {
			isa = XCBuildConfiguration;
			buildSettings = {
				ASSETCATALOG_COMPILER_APPICON_NAME = AppIcon;
				ASSETCATALOG_COMPILER_GLOBAL_ACCENT_COLOR_NAME = AccentColor;
				CODE_SIGN_STYLE = Automatic;
				CURRENT_PROJECT_VERSION = 1;
				DEVELOPMENT_ASSET_PATHS = "\"AroundEgypt/Preview Content\"";
				ENABLE_PREVIEWS = YES;
				GENERATE_INFOPLIST_FILE = YES;
				INFOPLIST_KEY_UIApplicationSceneManifest_Generation = YES;
				INFOPLIST_KEY_UIApplicationSupportsIndirectInputEvents = YES;
				INFOPLIST_KEY_UILaunchScreen_Generation = YES;
				INFOPLIST_KEY_UISupportedInterfaceOrientations_iPad = "UIInterfaceOrientationPortrait UIInterfaceOrientationPortraitUpsideDown UIInterfaceOrientationLandscapeLeft UIInterfaceOrientationLandscapeRight";
				INFOPLIST_KEY_UISupportedInterfaceOrientations_iPhone = "UIInterfaceOrientationPortrait UIInterfaceOrientationLandscapeLeft UIInterfaceOrientationLandscapeRight";
				LD_RUNPATH_SEARCH_PATHS = (
					"$(inherited)",
					"@executable_path/Frameworks",
				);
				MARKETING_VERSION = 1.0;
				PRODUCT_BUNDLE_IDENTIFIER = youssef.AroundEgypt;
				PRODUCT_NAME = "$(TARGET_NAME)";
				SWIFT_EMIT_LOC_STRINGS = YES;
				SWIFT_VERSION = 5.0;
				TARGETED_DEVICE_FAMILY = "1,2";
			};
			name = Release;
		};
		39B317012E0B226000EF2815 /* Debug */ = {
			isa = XCBuildConfiguration;
			buildSettings = {
				BUNDLE_LOADER = "$(TEST_HOST)";
				CODE_SIGN_STYLE = Automatic;
				CURRENT_PROJECT_VERSION = 1;
				GENERATE_INFOPLIST_FILE = YES;
				IPHONEOS_DEPLOYMENT_TARGET = 18.0;
				MARKETING_VERSION = 1.0;
				PRODUCT_BUNDLE_IDENTIFIER = youssef.AroundEgyptTests;
				PRODUCT_NAME = "$(TARGET_NAME)";
				SWIFT_EMIT_LOC_STRINGS = NO;
				SWIFT_VERSION = 5.0;
				TARGETED_DEVICE_FAMILY = "1,2";
				TEST_HOST = "$(BUILT_PRODUCTS_DIR)/AroundEgypt.app/$(BUNDLE_EXECUTABLE_FOLDER_PATH)/AroundEgypt";
			};
			name = Debug;
		};
		39B317022E0B226000EF2815 /* Release */ = {
			isa = XCBuildConfiguration;
			buildSettings = {
				BUNDLE_LOADER = "$(TEST_HOST)";
				CODE_SIGN_STYLE = Automatic;
				CURRENT_PROJECT_VERSION = 1;
				GENERATE_INFOPLIST_FILE = YES;
				IPHONEOS_DEPLOYMENT_TARGET = 18.0;
				MARKETING_VERSION = 1.0;
				PRODUCT_BUNDLE_IDENTIFIER = youssef.AroundEgyptTests;
				PRODUCT_NAME = "$(TARGET_NAME)";
				SWIFT_EMIT_LOC_STRINGS = NO;
				SWIFT_VERSION = 5.0;
				TARGETED_DEVICE_FAMILY = "1,2";
				TEST_HOST = "$(BUILT_PRODUCTS_DIR)/AroundEgypt.app/$(BUNDLE_EXECUTABLE_FOLDER_PATH)/AroundEgypt";
			};
			name = Release;
		};
		39B317042E0B226000EF2815 /* Debug */ = {
			isa = XCBuildConfiguration;
			buildSettings = {
				CODE_SIGN_STYLE = Automatic;
				CURRENT_PROJECT_VERSION = 1;
				GENERATE_INFOPLIST_FILE = YES;
				MARKETING_VERSION = 1.0;
				PRODUCT_BUNDLE_IDENTIFIER = youssef.AroundEgyptUITests;
				PRODUCT_NAME = "$(TARGET_NAME)";
				SWIFT_EMIT_LOC_STRINGS = NO;
				SWIFT_VERSION = 5.0;
				TARGETED_DEVICE_FAMILY = "1,2";
				TEST_TARGET_NAME = AroundEgypt;
			};
			name = Debug;
		};
		39B317052E0B226000EF2815 /* Release */ = {
			isa = XCBuildConfiguration;
			buildSettings = {
				CODE_SIGN_STYLE = Automatic;
				CURRENT_PROJECT_VERSION = 1;
				GENERATE_INFOPLIST_FILE = YES;
				MARKETING_VERSION = 1.0;
				PRODUCT_BUNDLE_IDENTIFIER = youssef.AroundEgyptUITests;
				PRODUCT_NAME = "$(TARGET_NAME)";
				SWIFT_EMIT_LOC_STRINGS = NO;
				SWIFT_VERSION = 5.0;
				TARGETED_DEVICE_FAMILY = "1,2";
				TEST_TARGET_NAME = AroundEgypt;
			};
			name = Release;
		};
/* End XCBuildConfiguration section */

/* Begin XCConfigurationList section */
		39B316D42E0B225E00EF2815 /* Build configuration list for PBXProject "AroundEgypt" */ = {
			isa = XCConfigurationList;
			buildConfigurations = (
				39B316FB2E0B226000EF2815 /* Debug */,
				39B316FC2E0B226000EF2815 /* Release */,
			);
			defaultConfigurationIsVisible = 0;
			defaultConfigurationName = Release;
		};
		39B316FD2E0B226000EF2815 /* Build configuration list for PBXNativeTarget "AroundEgypt" */ = {
			isa = XCConfigurationList;
			buildConfigurations = (
				39B316FE2E0B226000EF2815 /* Debug */,
				39B316FF2E0B226000EF2815 /* Release */,
			);
			defaultConfigurationIsVisible = 0;
			defaultConfigurationName = Release;
		};
		39B317002E0B226000EF2815 /* Build configuration list for PBXNativeTarget "AroundEgyptTests" */ = {
			isa = XCConfigurationList;
			buildConfigurations = (
				39B317012E0B226000EF2815 /* Debug */,
				39B317022E0B226000EF2815 /* Release */,
			);
			defaultConfigurationIsVisible = 0;
			defaultConfigurationName = Release;
		};
		39B317032E0B226000EF2815 /* Build configuration list for PBXNativeTarget "AroundEgyptUITests" */ = {
			isa = XCConfigurationList;
			buildConfigurations = (
				39B317042E0B226000EF2815 /* Debug */,
				39B317052E0B226000EF2815 /* Release */,
			);
			defaultConfigurationIsVisible = 0;
			defaultConfigurationName = Release;
		};
/* End XCConfigurationList section */
	};
	rootObject = 39B316D12E0B225E00EF2815 /* Project object */;
}
